// !$*UTF8*$!
{
	archiveVersion = 1;
	classes = {
	};
	objectVersion = 50;
	objects = {

/* Begin PBXBuildFile section */
		F4C3332A2365F91600D3A311 /* AppDelegate.swift in Sources */ = {isa = PBXBuildFile; fileRef = F4C333292365F91600D3A311 /* AppDelegate.swift */; };
		F4C3332C2365F91600D3A311 /* SceneDelegate.swift in Sources */ = {isa = PBXBuildFile; fileRef = F4C3332B2365F91600D3A311 /* SceneDelegate.swift */; };
		F4C333312365F91600D3A311 /* Main.storyboard in Resources */ = {isa = PBXBuildFile; fileRef = F4C3332F2365F91600D3A311 /* Main.storyboard */; };
		F4C333332365F91800D3A311 /* Assets.xcassets in Resources */ = {isa = PBXBuildFile; fileRef = F4C333322365F91800D3A311 /* Assets.xcassets */; };
		F4C333362365F91800D3A311 /* LaunchScreen.storyboard in Resources */ = {isa = PBXBuildFile; fileRef = F4C333342365F91800D3A311 /* LaunchScreen.storyboard */; };
		F4C3333E2365FAF100D3A311 /* RestaurantTableViewController.swift in Sources */ = {isa = PBXBuildFile; fileRef = F4C3333D2365FAF100D3A311 /* RestaurantTableViewController.swift */; };
		F4C33340236603E800D3A311 /* RestaurantTableViewCell.swift in Sources */ = {isa = PBXBuildFile; fileRef = F4C3333F236603E800D3A311 /* RestaurantTableViewCell.swift */; };
		F4C333422366DE1100D3A311 /* RestaurantDetailViewController.swift in Sources */ = {isa = PBXBuildFile; fileRef = F4C333412366DE1100D3A311 /* RestaurantDetailViewController.swift */; };
		F4C333442366EE5300D3A311 /* Restaurant.swift in Sources */ = {isa = PBXBuildFile; fileRef = F4C333432366EE5300D3A311 /* Restaurant.swift */; };
/* End PBXBuildFile section */

/* Begin PBXFileReference section */
		F4C333262365F91600D3A311 /* FoodPin.app */ = {isa = PBXFileReference; explicitFileType = wrapper.application; includeInIndex = 0; path = FoodPin.app; sourceTree = BUILT_PRODUCTS_DIR; };
		F4C333292365F91600D3A311 /* AppDelegate.swift */ = {isa = PBXFileReference; lastKnownFileType = sourcecode.swift; path = AppDelegate.swift; sourceTree = "<group>"; };
		F4C3332B2365F91600D3A311 /* SceneDelegate.swift */ = {isa = PBXFileReference; lastKnownFileType = sourcecode.swift; path = SceneDelegate.swift; sourceTree = "<group>"; };
		F4C333302365F91600D3A311 /* Base */ = {isa = PBXFileReference; lastKnownFileType = file.storyboard; name = Base; path = Base.lproj/Main.storyboard; sourceTree = "<group>"; };
		F4C333322365F91800D3A311 /* Assets.xcassets */ = {isa = PBXFileReference; lastKnownFileType = folder.assetcatalog; path = Assets.xcassets; sourceTree = "<group>"; };
		F4C333352365F91800D3A311 /* Base */ = {isa = PBXFileReference; lastKnownFileType = file.storyboard; name = Base; path = Base.lproj/LaunchScreen.storyboard; sourceTree = "<group>"; };
		F4C333372365F91800D3A311 /* Info.plist */ = {isa = PBXFileReference; lastKnownFileType = text.plist.xml; path = Info.plist; sourceTree = "<group>"; };
		F4C3333D2365FAF100D3A311 /* RestaurantTableViewController.swift */ = {isa = PBXFileReference; lastKnownFileType = sourcecode.swift; path = RestaurantTableViewController.swift; sourceTree = "<group>"; };
		F4C3333F236603E800D3A311 /* RestaurantTableViewCell.swift */ = {isa = PBXFileReference; lastKnownFileType = sourcecode.swift; path = RestaurantTableViewCell.swift; sourceTree = "<group>"; };
		F4C333412366DE1100D3A311 /* RestaurantDetailViewController.swift */ = {isa = PBXFileReference; lastKnownFileType = sourcecode.swift; path = RestaurantDetailViewController.swift; sourceTree = "<group>"; };
		F4C333432366EE5300D3A311 /* Restaurant.swift */ = {isa = PBXFileReference; lastKnownFileType = sourcecode.swift; path = Restaurant.swift; sourceTree = "<group>"; };
/* End PBXFileReference section */

/* Begin PBXFrameworksBuildPhase section */
		F4C333232365F91600D3A311 /* Frameworks */ = {
			isa = PBXFrameworksBuildPhase;
			buildActionMask = 2147483647;
			files = (
			);
			runOnlyForDeploymentPostprocessing = 0;
		};
/* End PBXFrameworksBuildPhase section */

/* Begin PBXGroup section */
		F4C3331D2365F91600D3A311 = {
			isa = PBXGroup;
			children = (
				F4C333282365F91600D3A311 /* FoodPin */,
				F4C333272365F91600D3A311 /* Products */,
			);
			sourceTree = "<group>";
		};
		F4C333272365F91600D3A311 /* Products */ = {
			isa = PBXGroup;
			children = (
				F4C333262365F91600D3A311 /* FoodPin.app */,
			);
			name = Products;
			sourceTree = "<group>";
		};
		F4C333282365F91600D3A311 /* FoodPin */ = {
			isa = PBXGroup;
			children = (
				F4C333482366F24400D3A311 /* Storyboard */,
				F4C333472366F23700D3A311 /* View */,
				F4C333462366F22900D3A311 /* Model */,
				F4C333452366F21100D3A311 /* Controller */,
				F4C333292365F91600D3A311 /* AppDelegate.swift */,
				F4C3332B2365F91600D3A311 /* SceneDelegate.swift */,
				F4C333322365F91800D3A311 /* Assets.xcassets */,
				F4C333372365F91800D3A311 /* Info.plist */,
			);
			path = FoodPin;
			sourceTree = "<group>";
		};
		F4C333452366F21100D3A311 /* Controller */ = {
			isa = PBXGroup;
			children = (
				F4C3333D2365FAF100D3A311 /* RestaurantTableViewController.swift */,
				F4C333412366DE1100D3A311 /* RestaurantDetailViewController.swift */,
			);
			path = Controller;
			sourceTree = "<group>";
		};
		F4C333462366F22900D3A311 /* Model */ = {
			isa = PBXGroup;
			children = (
				F4C333432366EE5300D3A311 /* Restaurant.swift */,
			);
			path = Model;
			sourceTree = "<group>";
		};
		F4C333472366F23700D3A311 /* View */ = {
			isa = PBXGroup;
			children = (
				F4C3333F236603E800D3A311 /* RestaurantTableViewCell.swift */,
			);
			path = View;
			sourceTree = "<group>";
		};
		F4C333482366F24400D3A311 /* Storyboard */ = {
			isa = PBXGroup;
			children = (
				F4C3332F2365F91600D3A311 /* Main.storyboard */,
				F4C333342365F91800D3A311 /* LaunchScreen.storyboard */,
			);
			path = Storyboard;
			sourceTree = "<group>";
		};
/* End PBXGroup section */

/* Begin PBXNativeTarget section */
		F4C333252365F91600D3A311 /* FoodPin */ = {
			isa = PBXNativeTarget;
			buildConfigurationList = F4C3333A2365F91800D3A311 /* Build configuration list for PBXNativeTarget "FoodPin" */;
			buildPhases = (
				F4C333222365F91600D3A311 /* Sources */,
				F4C333232365F91600D3A311 /* Frameworks */,
				F4C333242365F91600D3A311 /* Resources */,
			);
			buildRules = (
			);
			dependencies = (
			);
			name = FoodPin;
			productName = FoodPin;
			productReference = F4C333262365F91600D3A311 /* FoodPin.app */;
			productType = "com.apple.product-type.application";
		};
/* End PBXNativeTarget section */

/* Begin PBXProject section */
		F4C3331E2365F91600D3A311 /* Project object */ = {
			isa = PBXProject;
			attributes = {
				LastSwiftUpdateCheck = 1110;
				LastUpgradeCheck = 1110;
				ORGANIZATIONNAME = AppCoda;
				TargetAttributes = {
					F4C333252365F91600D3A311 = {
						CreatedOnToolsVersion = 11.1;
					};
				};
			};
			buildConfigurationList = F4C333212365F91600D3A311 /* Build configuration list for PBXProject "FoodPin" */;
			compatibilityVersion = "Xcode 9.3";
			developmentRegion = en;
			hasScannedForEncodings = 0;
			knownRegions = (
				en,
				Base,
			);
			mainGroup = F4C3331D2365F91600D3A311;
			productRefGroup = F4C333272365F91600D3A311 /* Products */;
			projectDirPath = "";
			projectRoot = "";
			targets = (
				F4C333252365F91600D3A311 /* FoodPin */,
			);
		};
/* End PBXProject section */

/* Begin PBXResourcesBuildPhase section */
		F4C333242365F91600D3A311 /* Resources */ = {
			isa = PBXResourcesBuildPhase;
			buildActionMask = 2147483647;
			files = (
				F4C333362365F91800D3A311 /* LaunchScreen.storyboard in Resources */,
				F4C333332365F91800D3A311 /* Assets.xcassets in Resources */,
				F4C333312365F91600D3A311 /* Main.storyboard in Resources */,
			);
			runOnlyForDeploymentPostprocessing = 0;
		};
/* End PBXResourcesBuildPhase section */

/* Begin PBXSourcesBuildPhase section */
		F4C333222365F91600D3A311 /* Sources */ = {
			isa = PBXSourcesBuildPhase;
			buildActionMask = 2147483647;
			files = (
				F4C33340236603E800D3A311 /* RestaurantTableViewCell.swift in Sources */,
				F4C3332A2365F91600D3A311 /* AppDelegate.swift in Sources */,
				F4C333442366EE5300D3A311 /* Restaurant.swift in Sources */,
				F4C333422366DE1100D3A311 /* RestaurantDetailViewController.swift in Sources */,
				F4C3332C2365F91600D3A311 /* SceneDelegate.swift in Sources */,
				F4C3333E2365FAF100D3A311 /* RestaurantTableViewController.swift in Sources */,
			);
			runOnlyForDeploymentPostprocessing = 0;
		};
/* End PBXSourcesBuildPhase section */

/* Begin PBXVariantGroup section */
		F4C3332F2365F91600D3A311 /* Main.storyboard */ = {
			isa = PBXVariantGroup;
			children = (
				F4C333302365F91600D3A311 /* Base */,
			);
			name = Main.storyboard;
			sourceTree = "<group>";
		};
		F4C333342365F91800D3A311 /* LaunchScreen.storyboard */ = {
			isa = PBXVariantGroup;
			children = (
				F4C333352365F91800D3A311 /* Base */,
			);
			name = LaunchScreen.storyboard;
			sourceTree = "<group>";
		};
/* End PBXVariantGroup section */

/* Begin XCBuildConfiguration section */
		F4C333382365F91800D3A311 /* Debug */ = {
			isa = XCBuildConfiguration;
			buildSettings = {
				ALWAYS_SEARCH_USER_PATHS = NO;
				CLANG_ANALYZER_NONNULL = YES;
				CLANG_ANALYZER_NUMBER_OBJECT_CONVERSION = YES_AGGRESSIVE;
				CLANG_CXX_LANGUAGE_STANDARD = "gnu++14";
				CLANG_CXX_LIBRARY = "libc++";
				CLANG_ENABLE_MODULES = YES;
				CLANG_ENABLE_OBJC_ARC = YES;
				CLANG_ENABLE_OBJC_WEAK = YES;
				CLANG_WARN_BLOCK_CAPTURE_AUTORELEASING = YES;
				CLANG_WARN_BOOL_CONVERSION = YES;
				CLANG_WARN_COMMA = YES;
				CLANG_WARN_CONSTANT_CONVERSION = YES;
				CLANG_WARN_DEPRECATED_OBJC_IMPLEMENTATIONS = YES;
				CLANG_WARN_DIRECT_OBJC_ISA_USAGE = YES_ERROR;
				CLANG_WARN_DOCUMENTATION_COMMENTS = YES;
				CLANG_WARN_EMPTY_BODY = YES;
				CLANG_WARN_ENUM_CONVERSION = YES;
				CLANG_WARN_INFINITE_RECURSION = YES;
				CLANG_WARN_INT_CONVERSION = YES;
				CLANG_WARN_NON_LITERAL_NULL_CONVERSION = YES;
				CLANG_WARN_OBJC_IMPLICIT_RETAIN_SELF = YES;
				CLANG_WARN_OBJC_LITERAL_CONVERSION = YES;
				CLANG_WARN_OBJC_ROOT_CLASS = YES_ERROR;
				CLANG_WARN_RANGE_LOOP_ANALYSIS = YES;
				CLANG_WARN_STRICT_PROTOTYPES = YES;
				CLANG_WARN_SUSPICIOUS_MOVE = YES;
				CLANG_WARN_UNGUARDED_AVAILABILITY = YES_AGGRESSIVE;
				CLANG_WARN_UNREACHABLE_CODE = YES;
				CLANG_WARN__DUPLICATE_METHOD_MATCH = YES;
				COPY_PHASE_STRIP = NO;
				DEBUG_INFORMATION_FORMAT = dwarf;
				ENABLE_STRICT_OBJC_MSGSEND = YES;
				ENABLE_TESTABILITY = YES;
				GCC_C_LANGUAGE_STANDARD = gnu11;
				GCC_DYNAMIC_NO_PIC = NO;
				GCC_NO_COMMON_BLOCKS = YES;
				GCC_OPTIMIZATION_LEVEL = 0;
				GCC_PREPROCESSOR_DEFINITIONS = (
					"DEBUG=1",
					"$(inherited)",
				);
				GCC_WARN_64_TO_32_BIT_CONVERSION = YES;
				GCC_WARN_ABOUT_RETURN_TYPE = YES_ERROR;
				GCC_WARN_UNDECLARED_SELECTOR = YES;
				GCC_WARN_UNINITIALIZED_AUTOS = YES_AGGRESSIVE;
				GCC_WARN_UNUSED_FUNCTION = YES;
				GCC_WARN_UNUSED_VARIABLE = YES;
				IPHONEOS_DEPLOYMENT_TARGET = 13.1;
				MTL_ENABLE_DEBUG_INFO = INCLUDE_SOURCE;
				MTL_FAST_MATH = YES;
				ONLY_ACTIVE_ARCH = YES;
				SDKROOT = iphoneos;
				SWIFT_ACTIVE_COMPILATION_CONDITIONS = DEBUG;
				SWIFT_OPTIMIZATION_LEVEL = "-Onone";
			};
			name = Debug;
		};
		F4C333392365F91800D3A311 /* Release */ = {
			isa = XCBuildConfiguration;
			buildSettings = {
				ALWAYS_SEARCH_USER_PATHS = NO;
				CLANG_ANALYZER_NONNULL = YES;
				CLANG_ANALYZER_NUMBER_OBJECT_CONVERSION = YES_AGGRESSIVE;
				CLANG_CXX_LANGUAGE_STANDARD = "gnu++14";
				CLANG_CXX_LIBRARY = "libc++";
				CLANG_ENABLE_MODULES = YES;
				CLANG_ENABLE_OBJC_ARC = YES;
				CLANG_ENABLE_OBJC_WEAK = YES;
				CLANG_WARN_BLOCK_CAPTURE_AUTORELEASING = YES;
				CLANG_WARN_BOOL_CONVERSION = YES;
				CLANG_WARN_COMMA = YES;
				CLANG_WARN_CONSTANT_CONVERSION = YES;
				CLANG_WARN_DEPRECATED_OBJC_IMPLEMENTATIONS = YES;
				CLANG_WARN_DIRECT_OBJC_ISA_USAGE = YES_ERROR;
				CLANG_WARN_DOCUMENTATION_COMMENTS = YES;
				CLANG_WARN_EMPTY_BODY = YES;
				CLANG_WARN_ENUM_CONVERSION = YES;
				CLANG_WARN_INFINITE_RECURSION = YES;
				CLANG_WARN_INT_CONVERSION = YES;
				CLANG_WARN_NON_LITERAL_NULL_CONVERSION = YES;
				CLANG_WARN_OBJC_IMPLICIT_RETAIN_SELF = YES;
				CLANG_WARN_OBJC_LITERAL_CONVERSION = YES;
				CLANG_WARN_OBJC_ROOT_CLASS = YES_ERROR;
				CLANG_WARN_RANGE_LOOP_ANALYSIS = YES;
				CLANG_WARN_STRICT_PROTOTYPES = YES;
				CLANG_WARN_SUSPICIOUS_MOVE = YES;
				CLANG_WARN_UNGUARDED_AVAILABILITY = YES_AGGRESSIVE;
				CLANG_WARN_UNREACHABLE_CODE = YES;
				CLANG_WARN__DUPLICATE_METHOD_MATCH = YES;
				COPY_PHASE_STRIP = NO;
				DEBUG_INFORMATION_FORMAT = "dwarf-with-dsym";
				ENABLE_NS_ASSERTIONS = NO;
				ENABLE_STRICT_OBJC_MSGSEND = YES;
				GCC_C_LANGUAGE_STANDARD = gnu11;
				GCC_NO_COMMON_BLOCKS = YES;
				GCC_WARN_64_TO_32_BIT_CONVERSION = YES;
				GCC_WARN_ABOUT_RETURN_TYPE = YES_ERROR;
				GCC_WARN_UNDECLARED_SELECTOR = YES;
				GCC_WARN_UNINITIALIZED_AUTOS = YES_AGGRESSIVE;
				GCC_WARN_UNUSED_FUNCTION = YES;
				GCC_WARN_UNUSED_VARIABLE = YES;
				IPHONEOS_DEPLOYMENT_TARGET = 13.1;
				MTL_ENABLE_DEBUG_INFO = NO;
				MTL_FAST_MATH = YES;
				SDKROOT = iphoneos;
				SWIFT_COMPILATION_MODE = wholemodule;
				SWIFT_OPTIMIZATION_LEVEL = "-O";
				VALIDATE_PRODUCT = YES;
			};
			name = Release;
		};
		F4C3333B2365F91800D3A311 /* Debug */ = {
			isa = XCBuildConfiguration;
			buildSettings = {
				ASSETCATALOG_COMPILER_APPICON_NAME = AppIcon;
				CODE_SIGN_STYLE = Automatic;
				INFOPLIST_FILE = FoodPin/Info.plist;
				LD_RUNPATH_SEARCH_PATHS = (
					"$(inherited)",
					"@executable_path/Frameworks",
				);
				PRODUCT_BUNDLE_IDENTIFIER = com.appcoda.FoodPin;
				PRODUCT_NAME = "$(TARGET_NAME)";
				SWIFT_VERSION = 5.0;
				TARGETED_DEVICE_FAMILY = "1,2";
			};
			name = Debug;
		};
		F4C3333C2365F91800D3A311 /* Release */ = {
			isa = XCBuildConfiguration;
			buildSettings = {
				ASSETCATALOG_COMPILER_APPICON_NAME = AppIcon;
				CODE_SIGN_STYLE = Automatic;
				INFOPLIST_FILE = FoodPin/Info.plist;
				LD_RUNPATH_SEARCH_PATHS = (
					"$(inherited)",
					"@executable_path/Frameworks",
				);
				PRODUCT_BUNDLE_IDENTIFIER = com.appcoda.FoodPin;
				PRODUCT_NAME = "$(TARGET_NAME)";
				SWIFT_VERSION = 5.0;
				TARGETED_DEVICE_FAMILY = "1,2";
			};
			name = Release;
		};
/* End XCBuildConfiguration section */

/* Begin XCConfigurationList section */
		F4C333212365F91600D3A311 /* Build configuration list for PBXProject "FoodPin" */ = {
			isa = XCConfigurationList;
			buildConfigurations = (
				F4C333382365F91800D3A311 /* Debug */,
				F4C333392365F91800D3A311 /* Release */,
			);
			defaultConfigurationIsVisible = 0;
			defaultConfigurationName = Release;
		};
		F4C3333A2365F91800D3A311 /* Build configuration list for PBXNativeTarget "FoodPin" */ = {
			isa = XCConfigurationList;
			buildConfigurations = (
				F4C3333B2365F91800D3A311 /* Debug */,
				F4C3333C2365F91800D3A311 /* Release */,
			);
			defaultConfigurationIsVisible = 0;
			defaultConfigurationName = Release;
		};
/* End XCConfigurationList section */
	};
	rootObject = F4C3331E2365F91600D3A311 /* Project object */;
}
